
Microsoft Visual Studio Solution File, Format Version 12.00
# Visual Studio Version 17
VisualStudioVersion = 17.0.31903.59
MinimumVisualStudioVersion = 10.0.40219.1
Project("{FAE04EC0-301F-11D3-BF4B-00C04F79EFBC}") = "Microcharts", "Microcharts\Microcharts.csproj", "{ACF0AE7A-6E09-49AE-9B4C-2BA6804B695B}"
EndProject
Global
	GlobalSection(SolutionConfigurationPlatforms) = preSolution
		Debug|Any CPU = Debug|Any CPU
		Release|Any CPU = Release|Any CPU
	EndGlobalSection
	GlobalSection(SolutionProperties) = preSolution
		HideSolutionNode = FALSE
	EndGlobalSection
	GlobalSection(ProjectConfigurationPlatforms) = postSolution
		{ACF0AE7A-6E09-49AE-9B4C-2BA6804B695B}.Debug|Any CPU.ActiveCfg = Debug|Any CPU
		{ACF0AE7A-6E09-49AE-9B4C-2BA6804B695B}.Debug|Any CPU.Build.0 = Debug|Any CPU
		{ACF0AE7A-6E09-49AE-9B4C-2BA6804B695B}.Release|Any CPU.ActiveCfg = Release|Any CPU
		{ACF0AE7A-6E09-49AE-9B4C-2BA6804B695B}.Release|Any CPU.Build.0 = Release|Any CPU
	EndGlobalSection
EndGlobal
